
Microsoft Visual Studio Solution File, Format Version 12.00
# Visual Studio Version 16
VisualStudioVersion = 16.0.32802.440
MinimumVisualStudioVersion = 10.0.40219.1
Project("{FAE04EC0-301F-11D3-BF4B-00C04F79EFBC}") = "WebApp", "WebApp\WebApp.csproj", "{5AB41415-E14E-4C7E-93DC-0FB13CA9CFF7}"
EndProject
Global
	GlobalSection(SolutionConfigurationPlatforms) = preSolution
		Debug|Any CPU = Debug|Any CPU
		Release|Any CPU = Release|Any CPU
	EndGlobalSection
	GlobalSection(ProjectConfigurationPlatforms) = postSolution
		{5AB41415-E14E-4C7E-93DC-0FB13CA9CFF7}.Debug|Any CPU.ActiveCfg = Debug|Any CPU
		{5AB41415-E14E-4C7E-93DC-0FB13CA9CFF7}.Debug|Any CPU.Build.0 = Debug|Any CPU
		{5AB41415-E14E-4C7E-93DC-0FB13CA9CFF7}.Release|Any CPU.ActiveCfg = Release|Any CPU
		{5AB41415-E14E-4C7E-93DC-0FB13CA9CFF7}.Release|Any CPU.Build.0 = Release|Any CPU
	EndGlobalSection
	GlobalSection(SolutionProperties) = preSolution
		HideSolutionNode = FALSE
	EndGlobalSection
	GlobalSection(ExtensibilityGlobals) = postSolution
		SolutionGuid = {4DEA048C-6DF0-4046-81AD-3115874E8EC6}
	EndGlobalSection
EndGlobal
